
Microsoft Visual Studio Solution File, Format Version 12.00
# Visual Studio 14
VisualStudioVersion = 14.0.25123.0
MinimumVisualStudioVersion = 10.0.40219.1
Project("{D954291E-2A0B-460D-934E-DC6B0785DB48}") = "LearnCSharp", "SharedProject1\LearnCSharp.shproj", "{8A5131B1-4B8C-4B20-817E-2B24224E374C}"
EndProject
Project("{2150E333-8FDC-42A3-9474-1A3956D46DE8}") = "Solution Items", "Solution Items", "{8ECAF626-D550-4CB3-9425-3C7DA5D961CC}"
	ProjectSection(SolutionItems) = preProject
		StartFile.cs = StartFile.cs
	EndProjectSection
EndProject
Global
	GlobalSection(SharedMSBuildProjectFiles) = preSolution
		SharedProject1\SharedProject1.projitems*{8a5131b1-4b8c-4b20-817e-2b24224e374c}*SharedItemsImports = 13
	EndGlobalSection
	GlobalSection(SolutionProperties) = preSolution
		HideSolutionNode = FALSE
	EndGlobalSection
EndGlobal
